dependencies:
- name: prometheus
  repository: https://prometheus-community.github.io/helm-charts
  version: 15.16.1
- name: node-agent
  repository: https://coroot.github.io/helm-charts
  version: 0.1.52
- name: pyroscope
  repository: https://pyroscope-io.github.io/helm-chart
  version: 0.2.92
- name: clickhouse
  repository: https://charts.bitnami.com/bitnami
  version: 3.1.6
- name: opentelemetry-collector
  repository: https://open-telemetry.github.io/opentelemetry-helm-charts
  version: 0.52.1
digest: sha256:ef3b47bb23cbd71bb31356c99892e5e50ca86c16de294b494e7a5cfcef93ca81
generated: "2023-12-26T13:59:09.403057416Z"
